
Microsoft Visual Studio Solution File, Format Version 12.00
# Visual Studio 2012
Project("{FAE04EC0-301F-11D3-BF4B-00C04F79EFBC}") = "CandyBarMod", "CandyBarMod\CandyBarMod.csproj", "{64EA5C7C-1BFC-4FA9-B903-E0D28173A6A7}"
EndProject
Global
	GlobalSection(SolutionConfigurationPlatforms) = preSolution
		Debug|Any CPU = Debug|Any CPU
		Release|Any CPU = Release|Any CPU
	EndGlobalSection
	GlobalSection(ProjectConfigurationPlatforms) = postSolution
		{64EA5C7C-1BFC-4FA9-B903-E0D28173A6A7}.Debug|Any CPU.ActiveCfg = Debug|Any CPU
		{64EA5C7C-1BFC-4FA9-B903-E0D28173A6A7}.Debug|Any CPU.Build.0 = Debug|Any CPU
		{64EA5C7C-1BFC-4FA9-B903-E0D28173A6A7}.Release|Any CPU.ActiveCfg = Release|Any CPU
		{64EA5C7C-1BFC-4FA9-B903-E0D28173A6A7}.Release|Any CPU.Build.0 = Release|Any CPU
	EndGlobalSection
EndGlobal
